
Microsoft Visual Studio Solution File, Format Version 12.00
# Visual Studio Version 16
VisualStudioVersion = 16.0.31321.278
MinimumVisualStudioVersion = 10.0.40219.1
Project("{FAE04EC0-301F-11D3-BF4B-00C04F79EFBC}") = "azurewebapp", "azurewebapp\azurewebapp.csproj", "{4367C7D3-C592-4898-B85B-49FC5E71845F}"
EndProject
Global
	GlobalSection(SolutionConfigurationPlatforms) = preSolution
		Debug|Any CPU = Debug|Any CPU
		Release|Any CPU = Release|Any CPU
	EndGlobalSection
	GlobalSection(ProjectConfigurationPlatforms) = postSolution
		{4367C7D3-C592-4898-B85B-49FC5E71845F}.Debug|Any CPU.ActiveCfg = Debug|Any CPU
		{4367C7D3-C592-4898-B85B-49FC5E71845F}.Debug|Any CPU.Build.0 = Debug|Any CPU
		{4367C7D3-C592-4898-B85B-49FC5E71845F}.Release|Any CPU.ActiveCfg = Release|Any CPU
		{4367C7D3-C592-4898-B85B-49FC5E71845F}.Release|Any CPU.Build.0 = Release|Any CPU
	EndGlobalSection
	GlobalSection(SolutionProperties) = preSolution
		HideSolutionNode = FALSE
	EndGlobalSection
	GlobalSection(ExtensibilityGlobals) = postSolution
		SolutionGuid = {B81022A2-52B0-45CF-ACF9-F9630F30F6BE}
	EndGlobalSection
EndGlobal
